
Microsoft Visual Studio Solution File, Format Version 12.00
# Visual Studio Version 17
VisualStudioVersion = 17.6.33815.320
MinimumVisualStudioVersion = 10.0.40219.1
Project("{FAE04EC0-301F-11D3-BF4B-00C04F79EFBC}") = "WinForm_20_12", "WinForm_20_12\WinForm_20_12.csproj", "{E1A18C2D-482B-42DF-974C-93073F97E914}"
EndProject
Global
	GlobalSection(SolutionConfigurationPlatforms) = preSolution
		Debug|Any CPU = Debug|Any CPU
		Release|Any CPU = Release|Any CPU
	EndGlobalSection
	GlobalSection(ProjectConfigurationPlatforms) = postSolution
		{E1A18C2D-482B-42DF-974C-93073F97E914}.Debug|Any CPU.ActiveCfg = Debug|Any CPU
		{E1A18C2D-482B-42DF-974C-93073F97E914}.Debug|Any CPU.Build.0 = Debug|Any CPU
		{E1A18C2D-482B-42DF-974C-93073F97E914}.Release|Any CPU.ActiveCfg = Release|Any CPU
		{E1A18C2D-482B-42DF-974C-93073F97E914}.Release|Any CPU.Build.0 = Release|Any CPU
	EndGlobalSection
	GlobalSection(SolutionProperties) = preSolution
		HideSolutionNode = FALSE
	EndGlobalSection
	GlobalSection(ExtensibilityGlobals) = postSolution
		SolutionGuid = {72F1D5B9-7BC4-49EF-B46C-C85082FD7656}
	EndGlobalSection
EndGlobal
